
Microsoft Visual Studio Solution File, Format Version 12.00
# Visual Studio 2013
VisualStudioVersion = 12.0.31101.0
MinimumVisualStudioVersion = 10.0.40219.1
Project("{FAE04EC0-301F-11D3-BF4B-00C04F79EFBC}") = "BootcampLMS.UI", "BootcampLMS.UI\BootcampLMS.UI.csproj", "{637FDA71-C1C9-463F-9BDE-B5FCFD81A4E2}"
EndProject
Project("{FAE04EC0-301F-11D3-BF4B-00C04F79EFBC}") = "BootcampLMS.BLL", "BootcampLMS.BLL\BootcampLMS.BLL.csproj", "{F811C771-DDA4-4BEE-AF24-5A23D02F42A4}"
EndProject
Project("{FAE04EC0-301F-11D3-BF4B-00C04F79EFBC}") = "BootcampLMS.Models", "BootcampLMS.Models\BootcampLMS.Models.csproj", "{D0236121-497C-41AA-A95F-56F278CE1462}"
EndProject
Project("{FAE04EC0-301F-11D3-BF4B-00C04F79EFBC}") = "BootcampLMS.Tests", "BootcampLMS.Tests\BootcampLMS.Tests.csproj", "{69004189-4C06-4D83-9532-8BD8AEDC0231}"
EndProject
Project("{FAE04EC0-301F-11D3-BF4B-00C04F79EFBC}") = "BootcampLMS.Data", "BootcampLMS.Data\BootcampLMS.Data.csproj", "{F2093FC2-1D28-4287-BA53-CB82BAF82E9A}"
EndProject
Global
	GlobalSection(SolutionConfigurationPlatforms) = preSolution
		Debug|Any CPU = Debug|Any CPU
		Release|Any CPU = Release|Any CPU
	EndGlobalSection
	GlobalSection(ProjectConfigurationPlatforms) = postSolution
		{637FDA71-C1C9-463F-9BDE-B5FCFD81A4E2}.Debug|Any CPU.ActiveCfg = Debug|Any CPU
		{637FDA71-C1C9-463F-9BDE-B5FCFD81A4E2}.Debug|Any CPU.Build.0 = Debug|Any CPU
		{637FDA71-C1C9-463F-9BDE-B5FCFD81A4E2}.Release|Any CPU.ActiveCfg = Release|Any CPU
		{637FDA71-C1C9-463F-9BDE-B5FCFD81A4E2}.Release|Any CPU.Build.0 = Release|Any CPU
		{F811C771-DDA4-4BEE-AF24-5A23D02F42A4}.Debug|Any CPU.ActiveCfg = Debug|Any CPU
		{F811C771-DDA4-4BEE-AF24-5A23D02F42A4}.Debug|Any CPU.Build.0 = Debug|Any CPU
		{F811C771-DDA4-4BEE-AF24-5A23D02F42A4}.Release|Any CPU.ActiveCfg = Release|Any CPU
		{F811C771-DDA4-4BEE-AF24-5A23D02F42A4}.Release|Any CPU.Build.0 = Release|Any CPU
		{D0236121-497C-41AA-A95F-56F278CE1462}.Debug|Any CPU.ActiveCfg = Debug|Any CPU
		{D0236121-497C-41AA-A95F-56F278CE1462}.Debug|Any CPU.Build.0 = Debug|Any CPU
		{D0236121-497C-41AA-A95F-56F278CE1462}.Release|Any CPU.ActiveCfg = Release|Any CPU
		{D0236121-497C-41AA-A95F-56F278CE1462}.Release|Any CPU.Build.0 = Release|Any CPU
		{69004189-4C06-4D83-9532-8BD8AEDC0231}.Debug|Any CPU.ActiveCfg = Debug|Any CPU
		{69004189-4C06-4D83-9532-8BD8AEDC0231}.Debug|Any CPU.Build.0 = Debug|Any CPU
		{69004189-4C06-4D83-9532-8BD8AEDC0231}.Release|Any CPU.ActiveCfg = Release|Any CPU
		{69004189-4C06-4D83-9532-8BD8AEDC0231}.Release|Any CPU.Build.0 = Release|Any CPU
		{F2093FC2-1D28-4287-BA53-CB82BAF82E9A}.Debug|Any CPU.ActiveCfg = Debug|Any CPU
		{F2093FC2-1D28-4287-BA53-CB82BAF82E9A}.Debug|Any CPU.Build.0 = Debug|Any CPU
		{F2093FC2-1D28-4287-BA53-CB82BAF82E9A}.Release|Any CPU.ActiveCfg = Release|Any CPU
		{F2093FC2-1D28-4287-BA53-CB82BAF82E9A}.Release|Any CPU.Build.0 = Release|Any CPU
	EndGlobalSection
	GlobalSection(SolutionProperties) = preSolution
		HideSolutionNode = FALSE
	EndGlobalSection
EndGlobal
